
Microsoft Visual Studio Solution File, Format Version 12.00
# Visual Studio Version 16
VisualStudioVersion = 16.0.30503.244
MinimumVisualStudioVersion = 10.0.40219.1
Project("{FAE04EC0-301F-11D3-BF4B-00C04F79EFBC}") = "AddressBookProblemLinq", "AddressBookProblemLinq\AddressBookProblemLinq.csproj", "{0F812F0F-DBF3-4145-870F-786025E66D24}"
EndProject
Project("{FAE04EC0-301F-11D3-BF4B-00C04F79EFBC}") = "AddressBookMSTestLinq", "AddressBookMSTestLinq\AddressBookMSTestLinq.csproj", "{AE4102C5-C954-4D5E-A17D-6C3DE4619331}"
EndProject
Global
	GlobalSection(SolutionConfigurationPlatforms) = preSolution
		Debug|Any CPU = Debug|Any CPU
		Release|Any CPU = Release|Any CPU
	EndGlobalSection
	GlobalSection(ProjectConfigurationPlatforms) = postSolution
		{0F812F0F-DBF3-4145-870F-786025E66D24}.Debug|Any CPU.ActiveCfg = Debug|Any CPU
		{0F812F0F-DBF3-4145-870F-786025E66D24}.Debug|Any CPU.Build.0 = Debug|Any CPU
		{0F812F0F-DBF3-4145-870F-786025E66D24}.Release|Any CPU.ActiveCfg = Release|Any CPU
		{0F812F0F-DBF3-4145-870F-786025E66D24}.Release|Any CPU.Build.0 = Release|Any CPU
		{AE4102C5-C954-4D5E-A17D-6C3DE4619331}.Debug|Any CPU.ActiveCfg = Debug|Any CPU
		{AE4102C5-C954-4D5E-A17D-6C3DE4619331}.Debug|Any CPU.Build.0 = Debug|Any CPU
		{AE4102C5-C954-4D5E-A17D-6C3DE4619331}.Release|Any CPU.ActiveCfg = Release|Any CPU
		{AE4102C5-C954-4D5E-A17D-6C3DE4619331}.Release|Any CPU.Build.0 = Release|Any CPU
	EndGlobalSection
	GlobalSection(SolutionProperties) = preSolution
		HideSolutionNode = FALSE
	EndGlobalSection
	GlobalSection(ExtensibilityGlobals) = postSolution
		SolutionGuid = {ACB0161F-D0AE-4874-B94A-BC7292489406}
	EndGlobalSection
EndGlobal
